{"filter":false,"title":"package-lock.json","tooltip":"~/package-lock.json","undoManager":{"mark":-1,"position":-1,"stack":[]},"ace":{"folds":[],"scrolltop":0,"scrollleft":0,"selection":{"start":{"row":0,"column":0},"end":{"row":0,"column":0},"isBackwards":false},"options":{"guessTabSize":true,"useWrapMode":false,"wrapToView":true},"firstLineState":0},"timestamp":1679118577048,"hash":"2c32d0cb5ad91e3639bba7375aafc4b65cb3363f"}